
Microsoft Visual Studio Solution File, Format Version 12.00
# Visual Studio Version 16
VisualStudioVersion = 16.0.30114.105
MinimumVisualStudioVersion = 10.0.40219.1
Project("{2150E333-8FDC-42A3-9474-1A3956D46DE8}") = "test", "test", "{15CE7E09-994E-4937-837F-CC9AFD0EB2B8}"
EndProject
Project("{2150E333-8FDC-42A3-9474-1A3956D46DE8}") = "samples", "samples", "{3F7A0312-DA8F-4356-B09D-E6A9BF447918}"
EndProject
Project("{2150E333-8FDC-42A3-9474-1A3956D46DE8}") = "tools", "tools", "{9E81C122-D9F0-46F8-8730-A5CBDB8B2461}"
	ProjectSection(SolutionItems) = preProject
		apply-copyright.ps1 = apply-copyright.ps1
	EndProjectSection
EndProject
Project("{9A19103F-16F7-4668-BE54-9A1E7A4F7556}") = "TiwIn.distribution", "src\TiwIn\TiwIn.distribution.csproj", "{4118DF98-431B-4ACE-BD6F-5FF0928040B4}"
EndProject
Project("{9A19103F-16F7-4668-BE54-9A1E7A4F7556}") = "TiwIn.CloudBlobs.distribution", "src\TiwIn.CloudBlobs\TiwIn.CloudBlobs.distribution.csproj", "{859191DD-E6FB-4018-9E76-11D3D5EB31D8}"
EndProject
Project("{9A19103F-16F7-4668-BE54-9A1E7A4F7556}") = "TiwIn.CloudBlobs.AzureStorageV12.distribution", "src\TiwIn.CloudBlobs.AzureStorageV12\TiwIn.CloudBlobs.AzureStorageV12.distribution.csproj", "{9AADEF27-E8CF-4D86-8295-D23D4659E5D0}"
EndProject
Project("{9A19103F-16F7-4668-BE54-9A1E7A4F7556}") = "Samples.TiwIn.CloudBlobs.AzureStorageV12.distribution", "src\Samples.TiwIn.CloudBlobs.AzureStorageV12\Samples.TiwIn.CloudBlobs.AzureStorageV12.distribution.csproj", "{2E3FCE61-3D42-429E-9C16-137CF98E7497}"
EndProject
Global
	GlobalSection(SolutionConfigurationPlatforms) = preSolution
		Debug|Any CPU = Debug|Any CPU
		Release|Any CPU = Release|Any CPU
	EndGlobalSection
	GlobalSection(ProjectConfigurationPlatforms) = postSolution
		{4118DF98-431B-4ACE-BD6F-5FF0928040B4}.Debug|Any CPU.ActiveCfg = Debug|Any CPU
		{4118DF98-431B-4ACE-BD6F-5FF0928040B4}.Debug|Any CPU.Build.0 = Debug|Any CPU
		{4118DF98-431B-4ACE-BD6F-5FF0928040B4}.Release|Any CPU.ActiveCfg = Release|Any CPU
		{4118DF98-431B-4ACE-BD6F-5FF0928040B4}.Release|Any CPU.Build.0 = Release|Any CPU
		{859191DD-E6FB-4018-9E76-11D3D5EB31D8}.Debug|Any CPU.ActiveCfg = Debug|Any CPU
		{859191DD-E6FB-4018-9E76-11D3D5EB31D8}.Debug|Any CPU.Build.0 = Debug|Any CPU
		{859191DD-E6FB-4018-9E76-11D3D5EB31D8}.Release|Any CPU.ActiveCfg = Release|Any CPU
		{859191DD-E6FB-4018-9E76-11D3D5EB31D8}.Release|Any CPU.Build.0 = Release|Any CPU
		{9AADEF27-E8CF-4D86-8295-D23D4659E5D0}.Debug|Any CPU.ActiveCfg = Debug|Any CPU
		{9AADEF27-E8CF-4D86-8295-D23D4659E5D0}.Debug|Any CPU.Build.0 = Debug|Any CPU
		{9AADEF27-E8CF-4D86-8295-D23D4659E5D0}.Release|Any CPU.ActiveCfg = Release|Any CPU
		{9AADEF27-E8CF-4D86-8295-D23D4659E5D0}.Release|Any CPU.Build.0 = Release|Any CPU
		{2E3FCE61-3D42-429E-9C16-137CF98E7497}.Debug|Any CPU.ActiveCfg = Debug|Any CPU
		{2E3FCE61-3D42-429E-9C16-137CF98E7497}.Debug|Any CPU.Build.0 = Debug|Any CPU
		{2E3FCE61-3D42-429E-9C16-137CF98E7497}.Release|Any CPU.ActiveCfg = Release|Any CPU
		{2E3FCE61-3D42-429E-9C16-137CF98E7497}.Release|Any CPU.Build.0 = Release|Any CPU
	EndGlobalSection
	GlobalSection(SolutionProperties) = preSolution
		HideSolutionNode = FALSE
	EndGlobalSection
	GlobalSection(NestedProjects) = preSolution
		{2E3FCE61-3D42-429E-9C16-137CF98E7497} = {3F7A0312-DA8F-4356-B09D-E6A9BF447918}
	EndGlobalSection
	GlobalSection(ExtensibilityGlobals) = postSolution
		SolutionGuid = {A6B6D0D3-9DE5-4A37-869A-5CDDC8AC5323}
	EndGlobalSection
EndGlobal
